
Microsoft Visual Studio Solution File, Format Version 12.00
# Visual Studio Version 17
VisualStudioVersion = 17.5.002.0
MinimumVisualStudioVersion = 10.0.40219.1
Project("{9A19103F-16F7-4668-BE54-9A1E7A4F7556}") = "menu-interativo", "menu-interativo.csproj", "{93079EC9-025A-48F9-8A67-BD465042DEAB}"
EndProject
Global
	GlobalSection(SolutionConfigurationPlatforms) = preSolution
		Debug|Any CPU = Debug|Any CPU
		Release|Any CPU = Release|Any CPU
	EndGlobalSection
	GlobalSection(ProjectConfigurationPlatforms) = postSolution
		{93079EC9-025A-48F9-8A67-BD465042DEAB}.Debug|Any CPU.ActiveCfg = Debug|Any CPU
		{93079EC9-025A-48F9-8A67-BD465042DEAB}.Debug|Any CPU.Build.0 = Debug|Any CPU
		{93079EC9-025A-48F9-8A67-BD465042DEAB}.Release|Any CPU.ActiveCfg = Release|Any CPU
		{93079EC9-025A-48F9-8A67-BD465042DEAB}.Release|Any CPU.Build.0 = Release|Any CPU
	EndGlobalSection
	GlobalSection(SolutionProperties) = preSolution
		HideSolutionNode = FALSE
	EndGlobalSection
	GlobalSection(ExtensibilityGlobals) = postSolution
		SolutionGuid = {0464B0A6-C19F-4307-AFFD-5A3DC9237BAB}
	EndGlobalSection
EndGlobal
