
Microsoft Visual Studio Solution File, Format Version 12.00
# Visual Studio Version 17
VisualStudioVersion = 17.5.002.0
MinimumVisualStudioVersion = 10.0.40219.1
Project("{9A19103F-16F7-4668-BE54-9A1E7A4F7556}") = "exceptions", "exceptions.csproj", "{4D14AE45-4D0D-4599-B4A6-41ACD0499B53}"
EndProject
Global
	GlobalSection(SolutionConfigurationPlatforms) = preSolution
		Debug|Any CPU = Debug|Any CPU
		Release|Any CPU = Release|Any CPU
	EndGlobalSection
	GlobalSection(ProjectConfigurationPlatforms) = postSolution
		{4D14AE45-4D0D-4599-B4A6-41ACD0499B53}.Debug|Any CPU.ActiveCfg = Debug|Any CPU
		{4D14AE45-4D0D-4599-B4A6-41ACD0499B53}.Debug|Any CPU.Build.0 = Debug|Any CPU
		{4D14AE45-4D0D-4599-B4A6-41ACD0499B53}.Release|Any CPU.ActiveCfg = Release|Any CPU
		{4D14AE45-4D0D-4599-B4A6-41ACD0499B53}.Release|Any CPU.Build.0 = Release|Any CPU
	EndGlobalSection
	GlobalSection(SolutionProperties) = preSolution
		HideSolutionNode = FALSE
	EndGlobalSection
	GlobalSection(ExtensibilityGlobals) = postSolution
		SolutionGuid = {33577D1C-4FDE-4992-99BD-7E0B158FC60A}
	EndGlobalSection
EndGlobal
