
Microsoft Visual Studio Solution File, Format Version 12.00
# Visual Studio Version 17
VisualStudioVersion = 17.5.002.0
MinimumVisualStudioVersion = 10.0.40219.1
Project("{9A19103F-16F7-4668-BE54-9A1E7A4F7556}") = "formatando-valores", "formatando-valores.csproj", "{9B913D5F-4A4A-495B-B81E-29B940994B85}"
EndProject
Global
	GlobalSection(SolutionConfigurationPlatforms) = preSolution
		Debug|Any CPU = Debug|Any CPU
		Release|Any CPU = Release|Any CPU
	EndGlobalSection
	GlobalSection(ProjectConfigurationPlatforms) = postSolution
		{9B913D5F-4A4A-495B-B81E-29B940994B85}.Debug|Any CPU.ActiveCfg = Debug|Any CPU
		{9B913D5F-4A4A-495B-B81E-29B940994B85}.Debug|Any CPU.Build.0 = Debug|Any CPU
		{9B913D5F-4A4A-495B-B81E-29B940994B85}.Release|Any CPU.ActiveCfg = Release|Any CPU
		{9B913D5F-4A4A-495B-B81E-29B940994B85}.Release|Any CPU.Build.0 = Release|Any CPU
	EndGlobalSection
	GlobalSection(SolutionProperties) = preSolution
		HideSolutionNode = FALSE
	EndGlobalSection
	GlobalSection(ExtensibilityGlobals) = postSolution
		SolutionGuid = {ABA5FD3C-08A0-4F81-8CE5-BBD962A4B93E}
	EndGlobalSection
EndGlobal
